
Microsoft Visual Studio Solution File, Format Version 12.00
# Visual Studio 15
VisualStudioVersion = 15.0.27130.2027
MinimumVisualStudioVersion = 10.0.40219.1
Project("{9A19103F-16F7-4668-BE54-9A1E7A4F7556}") = "Dotnet_Service", "Dotnet_Service\Dotnet_Service.csproj", "{2B6F5F26-4C0E-4AB9-8CFC-69A050835EF9}"
EndProject
Project("{FAE04EC0-301F-11D3-BF4B-00C04F79EFBC}") = "Dotnet_Ocelot", "Dotnet_Ocelot\Dotnet_Ocelot.csproj", "{D8F70A59-2EE7-47F5-A379-449946D6A52C}"
EndProject
Project("{FAE04EC0-301F-11D3-BF4B-00C04F79EFBC}") = "Dotnet_JWT", "Dotnet_JWT\Dotnet_JWT.csproj", "{8563AAA2-9F53-4B1A-AB74-CBAB23857F79}"
EndProject
Project("{2150E333-8FDC-42A3-9474-1A3956D46DE8}") = "CommonLibrary", "CommonLibrary", "{FAC0CA88-7B02-4CDE-82C7-48ABB92FF29C}"
EndProject
Project("{FAE04EC0-301F-11D3-BF4B-00C04F79EFBC}") = "Dotnet_Middleware", "CommonLibrary\Dotnet_Middleware\Dotnet_Middleware.csproj", "{D10DF61F-6B01-41E1-B415-777B49769BA6}"
EndProject
Project("{FAE04EC0-301F-11D3-BF4B-00C04F79EFBC}") = "Dotnet_DataAccess", "CommonLibrary\Dotnet_DataAccess\Dotnet_DataAccess.csproj", "{67ABF172-D6D8-4200-BB14-62A9035156E3}"
EndProject
Project("{2150E333-8FDC-42A3-9474-1A3956D46DE8}") = "Business", "Business", "{5C471B5E-E835-4E89-A16D-B30A0AC1E7F7}"
EndProject
Project("{FAE04EC0-301F-11D3-BF4B-00C04F79EFBC}") = "RegistBusiness", "Business\RegistBusiness\RegistBusiness.csproj", "{5243C952-4228-4154-8D7E-17D2601E9638}"
EndProject
Project("{FAE04EC0-301F-11D3-BF4B-00C04F79EFBC}") = "Dotnet_Util", "CommonLibrary\Dotnet_Util\Dotnet_Util.csproj", "{CBEDB0D2-D3A1-419F-8EE3-EA26EB455394}"
EndProject
Global
	GlobalSection(SolutionConfigurationPlatforms) = preSolution
		Debug|Any CPU = Debug|Any CPU
		Release|Any CPU = Release|Any CPU
	EndGlobalSection
	GlobalSection(ProjectConfigurationPlatforms) = postSolution
		{2B6F5F26-4C0E-4AB9-8CFC-69A050835EF9}.Debug|Any CPU.ActiveCfg = Debug|Any CPU
		{2B6F5F26-4C0E-4AB9-8CFC-69A050835EF9}.Debug|Any CPU.Build.0 = Debug|Any CPU
		{2B6F5F26-4C0E-4AB9-8CFC-69A050835EF9}.Release|Any CPU.ActiveCfg = Release|Any CPU
		{2B6F5F26-4C0E-4AB9-8CFC-69A050835EF9}.Release|Any CPU.Build.0 = Release|Any CPU
		{D8F70A59-2EE7-47F5-A379-449946D6A52C}.Debug|Any CPU.ActiveCfg = Debug|Any CPU
		{D8F70A59-2EE7-47F5-A379-449946D6A52C}.Debug|Any CPU.Build.0 = Debug|Any CPU
		{D8F70A59-2EE7-47F5-A379-449946D6A52C}.Release|Any CPU.ActiveCfg = Release|Any CPU
		{D8F70A59-2EE7-47F5-A379-449946D6A52C}.Release|Any CPU.Build.0 = Release|Any CPU
		{8563AAA2-9F53-4B1A-AB74-CBAB23857F79}.Debug|Any CPU.ActiveCfg = Debug|Any CPU
		{8563AAA2-9F53-4B1A-AB74-CBAB23857F79}.Debug|Any CPU.Build.0 = Debug|Any CPU
		{8563AAA2-9F53-4B1A-AB74-CBAB23857F79}.Release|Any CPU.ActiveCfg = Release|Any CPU
		{8563AAA2-9F53-4B1A-AB74-CBAB23857F79}.Release|Any CPU.Build.0 = Release|Any CPU
		{D10DF61F-6B01-41E1-B415-777B49769BA6}.Debug|Any CPU.ActiveCfg = Debug|Any CPU
		{D10DF61F-6B01-41E1-B415-777B49769BA6}.Debug|Any CPU.Build.0 = Debug|Any CPU
		{D10DF61F-6B01-41E1-B415-777B49769BA6}.Release|Any CPU.ActiveCfg = Release|Any CPU
		{D10DF61F-6B01-41E1-B415-777B49769BA6}.Release|Any CPU.Build.0 = Release|Any CPU
		{67ABF172-D6D8-4200-BB14-62A9035156E3}.Debug|Any CPU.ActiveCfg = Debug|Any CPU
		{67ABF172-D6D8-4200-BB14-62A9035156E3}.Debug|Any CPU.Build.0 = Debug|Any CPU
		{67ABF172-D6D8-4200-BB14-62A9035156E3}.Release|Any CPU.ActiveCfg = Release|Any CPU
		{67ABF172-D6D8-4200-BB14-62A9035156E3}.Release|Any CPU.Build.0 = Release|Any CPU
		{5243C952-4228-4154-8D7E-17D2601E9638}.Debug|Any CPU.ActiveCfg = Debug|Any CPU
		{5243C952-4228-4154-8D7E-17D2601E9638}.Debug|Any CPU.Build.0 = Debug|Any CPU
		{5243C952-4228-4154-8D7E-17D2601E9638}.Release|Any CPU.ActiveCfg = Release|Any CPU
		{5243C952-4228-4154-8D7E-17D2601E9638}.Release|Any CPU.Build.0 = Release|Any CPU
		{CBEDB0D2-D3A1-419F-8EE3-EA26EB455394}.Debug|Any CPU.ActiveCfg = Debug|Any CPU
		{CBEDB0D2-D3A1-419F-8EE3-EA26EB455394}.Debug|Any CPU.Build.0 = Debug|Any CPU
		{CBEDB0D2-D3A1-419F-8EE3-EA26EB455394}.Release|Any CPU.ActiveCfg = Release|Any CPU
		{CBEDB0D2-D3A1-419F-8EE3-EA26EB455394}.Release|Any CPU.Build.0 = Release|Any CPU
	EndGlobalSection
	GlobalSection(SolutionProperties) = preSolution
		HideSolutionNode = FALSE
	EndGlobalSection
	GlobalSection(NestedProjects) = preSolution
		{D10DF61F-6B01-41E1-B415-777B49769BA6} = {FAC0CA88-7B02-4CDE-82C7-48ABB92FF29C}
		{67ABF172-D6D8-4200-BB14-62A9035156E3} = {FAC0CA88-7B02-4CDE-82C7-48ABB92FF29C}
		{5243C952-4228-4154-8D7E-17D2601E9638} = {5C471B5E-E835-4E89-A16D-B30A0AC1E7F7}
		{CBEDB0D2-D3A1-419F-8EE3-EA26EB455394} = {FAC0CA88-7B02-4CDE-82C7-48ABB92FF29C}
	EndGlobalSection
	GlobalSection(ExtensibilityGlobals) = postSolution
		SolutionGuid = {B300C235-8B1B-4FA1-8521-0A6D44972799}
	EndGlobalSection
EndGlobal
