
Microsoft Visual Studio Solution File, Format Version 12.00
# Visual Studio 15
VisualStudioVersion = 15.0.27130.2027
MinimumVisualStudioVersion = 10.0.40219.1
Project("{FAE04EC0-301F-11D3-BF4B-00C04F79EFBC}") = "Dotnet_Service", "Dotnet_Service\Dotnet_Service.csproj", "{2B6F5F26-4C0E-4AB9-8CFC-69A050835EF9}"
EndProject
Global
	GlobalSection(SolutionConfigurationPlatforms) = preSolution
		Debug|Any CPU = Debug|Any CPU
		Release|Any CPU = Release|Any CPU
	EndGlobalSection
	GlobalSection(ProjectConfigurationPlatforms) = postSolution
		{2B6F5F26-4C0E-4AB9-8CFC-69A050835EF9}.Debug|Any CPU.ActiveCfg = Debug|Any CPU
		{2B6F5F26-4C0E-4AB9-8CFC-69A050835EF9}.Debug|Any CPU.Build.0 = Debug|Any CPU
		{2B6F5F26-4C0E-4AB9-8CFC-69A050835EF9}.Release|Any CPU.ActiveCfg = Release|Any CPU
		{2B6F5F26-4C0E-4AB9-8CFC-69A050835EF9}.Release|Any CPU.Build.0 = Release|Any CPU
	EndGlobalSection
	GlobalSection(SolutionProperties) = preSolution
		HideSolutionNode = FALSE
	EndGlobalSection
	GlobalSection(ExtensibilityGlobals) = postSolution
		SolutionGuid = {B300C235-8B1B-4FA1-8521-0A6D44972799}
	EndGlobalSection
EndGlobal
